
Microsoft Visual Studio Solution File, Format Version 12.00
# Visual Studio 2013
VisualStudioVersion = 12.0.40629.0
MinimumVisualStudioVersion = 10.0.40219.1
Project("{FAE04EC0-301F-11D3-BF4B-00C04F79EFBC}") = "ReadFile_RegisterVN", "ReadFile_RegisterVN\ReadFile_RegisterVN.csproj", "{669C1907-F006-4D6A-97D4-6E74370232E0}"
EndProject
Global
	GlobalSection(SolutionConfigurationPlatforms) = preSolution
		Debug|Any CPU = Debug|Any CPU
		Release|Any CPU = Release|Any CPU
	EndGlobalSection
	GlobalSection(ProjectConfigurationPlatforms) = postSolution
		{669C1907-F006-4D6A-97D4-6E74370232E0}.Debug|Any CPU.ActiveCfg = Debug|Any CPU
		{669C1907-F006-4D6A-97D4-6E74370232E0}.Debug|Any CPU.Build.0 = Debug|Any CPU
		{669C1907-F006-4D6A-97D4-6E74370232E0}.Release|Any CPU.ActiveCfg = Release|Any CPU
		{669C1907-F006-4D6A-97D4-6E74370232E0}.Release|Any CPU.Build.0 = Release|Any CPU
	EndGlobalSection
	GlobalSection(SolutionProperties) = preSolution
		HideSolutionNode = FALSE
	EndGlobalSection
EndGlobal
